
Microsoft Visual Studio Solution File, Format Version 12.00
# Visual Studio Version 16
VisualStudioVersion = 16.0.31229.75
MinimumVisualStudioVersion = 10.0.40219.1
Project("{FAE04EC0-301F-11D3-BF4B-00C04F79EFBC}") = "DBWithClass", "DBWithClass.csproj", "{05743510-EC00-4C28-AD3F-5C6DBBA36F1C}"
EndProject
Project("{FAE04EC0-301F-11D3-BF4B-00C04F79EFBC}") = "Extends_Interface", "..\Extends_Interface\Extends_Interface.csproj", "{F4F068B5-B2A4-42F8-A240-A0327031ECA8}"
EndProject
Project("{FAE04EC0-301F-11D3-BF4B-00C04F79EFBC}") = "Inhanced_Connect_DB", "..\Inhanced_Connect_DB\Inhanced_Connect_DB.csproj", "{6C137DFF-045D-45F9-B45E-978DF88D5DD4}"
EndProject
Global
	GlobalSection(SolutionConfigurationPlatforms) = preSolution
		Debug|Any CPU = Debug|Any CPU
		Release|Any CPU = Release|Any CPU
	EndGlobalSection
	GlobalSection(ProjectConfigurationPlatforms) = postSolution
		{05743510-EC00-4C28-AD3F-5C6DBBA36F1C}.Debug|Any CPU.ActiveCfg = Debug|Any CPU
		{05743510-EC00-4C28-AD3F-5C6DBBA36F1C}.Debug|Any CPU.Build.0 = Debug|Any CPU
		{05743510-EC00-4C28-AD3F-5C6DBBA36F1C}.Release|Any CPU.ActiveCfg = Release|Any CPU
		{05743510-EC00-4C28-AD3F-5C6DBBA36F1C}.Release|Any CPU.Build.0 = Release|Any CPU
		{F4F068B5-B2A4-42F8-A240-A0327031ECA8}.Debug|Any CPU.ActiveCfg = Debug|Any CPU
		{F4F068B5-B2A4-42F8-A240-A0327031ECA8}.Debug|Any CPU.Build.0 = Debug|Any CPU
		{F4F068B5-B2A4-42F8-A240-A0327031ECA8}.Release|Any CPU.ActiveCfg = Release|Any CPU
		{F4F068B5-B2A4-42F8-A240-A0327031ECA8}.Release|Any CPU.Build.0 = Release|Any CPU
		{6C137DFF-045D-45F9-B45E-978DF88D5DD4}.Debug|Any CPU.ActiveCfg = Debug|Any CPU
		{6C137DFF-045D-45F9-B45E-978DF88D5DD4}.Debug|Any CPU.Build.0 = Debug|Any CPU
		{6C137DFF-045D-45F9-B45E-978DF88D5DD4}.Release|Any CPU.ActiveCfg = Release|Any CPU
		{6C137DFF-045D-45F9-B45E-978DF88D5DD4}.Release|Any CPU.Build.0 = Release|Any CPU
	EndGlobalSection
	GlobalSection(SolutionProperties) = preSolution
		HideSolutionNode = FALSE
	EndGlobalSection
	GlobalSection(ExtensibilityGlobals) = postSolution
		SolutionGuid = {6B339F30-D482-4316-98A5-FAD990A6305D}
	EndGlobalSection
EndGlobal
