
Microsoft Visual Studio Solution File, Format Version 12.00
# Visual Studio Version 16
VisualStudioVersion = 16.0.30804.86
MinimumVisualStudioVersion = 10.0.40219.1
Project("{FAE04EC0-301F-11D3-BF4B-00C04F79EFBC}") = "20210407", "20210407\20210407.csproj", "{8906BAEA-E075-4686-A319-DA1C9001CD7C}"
EndProject
Global
	GlobalSection(SolutionConfigurationPlatforms) = preSolution
		Debug|Any CPU = Debug|Any CPU
		Release|Any CPU = Release|Any CPU
	EndGlobalSection
	GlobalSection(ProjectConfigurationPlatforms) = postSolution
		{8906BAEA-E075-4686-A319-DA1C9001CD7C}.Debug|Any CPU.ActiveCfg = Debug|Any CPU
		{8906BAEA-E075-4686-A319-DA1C9001CD7C}.Debug|Any CPU.Build.0 = Debug|Any CPU
		{8906BAEA-E075-4686-A319-DA1C9001CD7C}.Release|Any CPU.ActiveCfg = Release|Any CPU
		{8906BAEA-E075-4686-A319-DA1C9001CD7C}.Release|Any CPU.Build.0 = Release|Any CPU
	EndGlobalSection
	GlobalSection(SolutionProperties) = preSolution
		HideSolutionNode = FALSE
	EndGlobalSection
	GlobalSection(ExtensibilityGlobals) = postSolution
		SolutionGuid = {D271F5DB-686D-424C-A5AC-2C8B4A8CE5B3}
	EndGlobalSection
EndGlobal
