
Microsoft Visual Studio Solution File, Format Version 12.00
# Visual Studio Version 16
VisualStudioVersion = 16.0.31129.286
MinimumVisualStudioVersion = 10.0.40219.1
Project("{FAE04EC0-301F-11D3-BF4B-00C04F79EFBC}") = "ReadXML", "20210610\ReadXML.csproj", "{ACC0FB96-4BA3-4B88-8EB0-6C355A2D8293}"
EndProject
Global
	GlobalSection(SolutionConfigurationPlatforms) = preSolution
		Debug|Any CPU = Debug|Any CPU
		Release|Any CPU = Release|Any CPU
	EndGlobalSection
	GlobalSection(ProjectConfigurationPlatforms) = postSolution
		{ACC0FB96-4BA3-4B88-8EB0-6C355A2D8293}.Debug|Any CPU.ActiveCfg = Debug|Any CPU
		{ACC0FB96-4BA3-4B88-8EB0-6C355A2D8293}.Debug|Any CPU.Build.0 = Debug|Any CPU
		{ACC0FB96-4BA3-4B88-8EB0-6C355A2D8293}.Release|Any CPU.ActiveCfg = Release|Any CPU
		{ACC0FB96-4BA3-4B88-8EB0-6C355A2D8293}.Release|Any CPU.Build.0 = Release|Any CPU
	EndGlobalSection
	GlobalSection(SolutionProperties) = preSolution
		HideSolutionNode = FALSE
	EndGlobalSection
	GlobalSection(ExtensibilityGlobals) = postSolution
		SolutionGuid = {01737BCB-17D7-435F-9F65-0212CBD76304}
	EndGlobalSection
EndGlobal
